
Microsoft Visual Studio Solution File, Format Version 12.00
# Visual Studio Version 17
VisualStudioVersion = 17.14.36221.1 d17.14
MinimumVisualStudioVersion = 10.0.40219.1
Project("{FAE04EC0-301F-11D3-BF4B-00C04F79EFBC}") = "RetailInventory", "RetailInventory\RetailInventory.csproj", "{B76618B2-A07A-46BC-8266-722FB1BF74CD}"
EndProject
Global
	GlobalSection(SolutionConfigurationPlatforms) = preSolution
		Debug|Any CPU = Debug|Any CPU
		Release|Any CPU = Release|Any CPU
	EndGlobalSection
	GlobalSection(ProjectConfigurationPlatforms) = postSolution
		{B76618B2-A07A-46BC-8266-722FB1BF74CD}.Debug|Any CPU.ActiveCfg = Debug|Any CPU
		{B76618B2-A07A-46BC-8266-722FB1BF74CD}.Debug|Any CPU.Build.0 = Debug|Any CPU
		{B76618B2-A07A-46BC-8266-722FB1BF74CD}.Release|Any CPU.ActiveCfg = Release|Any CPU
		{B76618B2-A07A-46BC-8266-722FB1BF74CD}.Release|Any CPU.Build.0 = Release|Any CPU
	EndGlobalSection
	GlobalSection(SolutionProperties) = preSolution
		HideSolutionNode = FALSE
	EndGlobalSection
	GlobalSection(ExtensibilityGlobals) = postSolution
		SolutionGuid = {052A59A1-02CF-4322-B772-5FACEBAC26FA}
	EndGlobalSection
EndGlobal
